
Microsoft Visual Studio Solution File, Format Version 12.00
# Visual Studio Version 17
VisualStudioVersion = 17.5.002.0
MinimumVisualStudioVersion = 10.0.40219.1
Project("{2150E333-8FDC-42A3-9474-1A3956D46DE8}") = "2015", "2015", "{C37AD128-49B9-42DF-BBC9-5A3F4CC52E91}"
EndProject
Project("{9A19103F-16F7-4668-BE54-9A1E7A4F7556}") = "day1", "2015\day1\day1.csproj", "{F0997736-1015-4A22-BD25-A191E1089ADA}"
EndProject
Project("{9A19103F-16F7-4668-BE54-9A1E7A4F7556}") = "day2", "2015\day2\day2.csproj", "{49BE539D-08F7-47F6-8F70-1716AC39E452}"
EndProject
Project("{9A19103F-16F7-4668-BE54-9A1E7A4F7556}") = "day3", "2015\day3\day3.csproj", "{4E9C78EB-DCFE-4C1D-9053-099AAD14731F}"
EndProject
Project("{9A19103F-16F7-4668-BE54-9A1E7A4F7556}") = "day4", "2015\day4\day4.csproj", "{25BEA74D-47AA-45D7-BD8D-461F1AD90484}"
EndProject
Project("{9A19103F-16F7-4668-BE54-9A1E7A4F7556}") = "day5", "2015\day5\day5.csproj", "{81EB78F6-410B-4541-B008-46382A599B30}"
EndProject
Project("{9A19103F-16F7-4668-BE54-9A1E7A4F7556}") = "day6", "2015\day6\day6.csproj", "{5A0D3B75-C3BE-4361-934F-0E3A2A425C75}"
EndProject
Project("{9A19103F-16F7-4668-BE54-9A1E7A4F7556}") = "day7", "2015\day7\day7.csproj", "{C99BF4FA-348A-4B4B-A401-2B8AB73A7C3A}"
EndProject
Project("{2150E333-8FDC-42A3-9474-1A3956D46DE8}") = "2019", "2019", "{1C37CF24-DE33-4F2D-9F42-48AC6CAE808B}"
EndProject
Project("{9A19103F-16F7-4668-BE54-9A1E7A4F7556}") = "day2", "2019\day2\day2.csproj", "{1388F3E2-3C33-4B74-A96A-185B3554C790}"
EndProject
Project("{9A19103F-16F7-4668-BE54-9A1E7A4F7556}") = "day5", "2019\day5\day5.csproj", "{4C6C5CB8-DDCE-48EE-9A3A-E6306862EA0D}"
EndProject
Project("{2150E333-8FDC-42A3-9474-1A3956D46DE8}") = "2024", "2024", "{94C6895D-E31E-4126-B9E1-E3C14496E508}"
EndProject
Project("{9A19103F-16F7-4668-BE54-9A1E7A4F7556}") = "day6", "2024\day6\day6.csproj", "{8B180F0F-BFDE-49CB-BB44-2D1DB2E25787}"
EndProject
Global
	GlobalSection(SolutionConfigurationPlatforms) = preSolution
		Debug|Any CPU = Debug|Any CPU
		Release|Any CPU = Release|Any CPU
	EndGlobalSection
	GlobalSection(ProjectConfigurationPlatforms) = postSolution
		{F0997736-1015-4A22-BD25-A191E1089ADA}.Debug|Any CPU.ActiveCfg = Debug|Any CPU
		{F0997736-1015-4A22-BD25-A191E1089ADA}.Debug|Any CPU.Build.0 = Debug|Any CPU
		{F0997736-1015-4A22-BD25-A191E1089ADA}.Release|Any CPU.ActiveCfg = Release|Any CPU
		{F0997736-1015-4A22-BD25-A191E1089ADA}.Release|Any CPU.Build.0 = Release|Any CPU
		{49BE539D-08F7-47F6-8F70-1716AC39E452}.Debug|Any CPU.ActiveCfg = Debug|Any CPU
		{49BE539D-08F7-47F6-8F70-1716AC39E452}.Debug|Any CPU.Build.0 = Debug|Any CPU
		{49BE539D-08F7-47F6-8F70-1716AC39E452}.Release|Any CPU.ActiveCfg = Release|Any CPU
		{49BE539D-08F7-47F6-8F70-1716AC39E452}.Release|Any CPU.Build.0 = Release|Any CPU
		{4E9C78EB-DCFE-4C1D-9053-099AAD14731F}.Debug|Any CPU.ActiveCfg = Debug|Any CPU
		{4E9C78EB-DCFE-4C1D-9053-099AAD14731F}.Debug|Any CPU.Build.0 = Debug|Any CPU
		{4E9C78EB-DCFE-4C1D-9053-099AAD14731F}.Release|Any CPU.ActiveCfg = Release|Any CPU
		{4E9C78EB-DCFE-4C1D-9053-099AAD14731F}.Release|Any CPU.Build.0 = Release|Any CPU
		{25BEA74D-47AA-45D7-BD8D-461F1AD90484}.Debug|Any CPU.ActiveCfg = Debug|Any CPU
		{25BEA74D-47AA-45D7-BD8D-461F1AD90484}.Debug|Any CPU.Build.0 = Debug|Any CPU
		{25BEA74D-47AA-45D7-BD8D-461F1AD90484}.Release|Any CPU.ActiveCfg = Release|Any CPU
		{25BEA74D-47AA-45D7-BD8D-461F1AD90484}.Release|Any CPU.Build.0 = Release|Any CPU
		{81EB78F6-410B-4541-B008-46382A599B30}.Debug|Any CPU.ActiveCfg = Debug|Any CPU
		{81EB78F6-410B-4541-B008-46382A599B30}.Debug|Any CPU.Build.0 = Debug|Any CPU
		{81EB78F6-410B-4541-B008-46382A599B30}.Release|Any CPU.ActiveCfg = Release|Any CPU
		{81EB78F6-410B-4541-B008-46382A599B30}.Release|Any CPU.Build.0 = Release|Any CPU
		{5A0D3B75-C3BE-4361-934F-0E3A2A425C75}.Debug|Any CPU.ActiveCfg = Debug|Any CPU
		{5A0D3B75-C3BE-4361-934F-0E3A2A425C75}.Debug|Any CPU.Build.0 = Debug|Any CPU
		{5A0D3B75-C3BE-4361-934F-0E3A2A425C75}.Release|Any CPU.ActiveCfg = Release|Any CPU
		{5A0D3B75-C3BE-4361-934F-0E3A2A425C75}.Release|Any CPU.Build.0 = Release|Any CPU
		{C99BF4FA-348A-4B4B-A401-2B8AB73A7C3A}.Debug|Any CPU.ActiveCfg = Debug|Any CPU
		{C99BF4FA-348A-4B4B-A401-2B8AB73A7C3A}.Debug|Any CPU.Build.0 = Debug|Any CPU
		{C99BF4FA-348A-4B4B-A401-2B8AB73A7C3A}.Release|Any CPU.ActiveCfg = Release|Any CPU
		{C99BF4FA-348A-4B4B-A401-2B8AB73A7C3A}.Release|Any CPU.Build.0 = Release|Any CPU
		{1388F3E2-3C33-4B74-A96A-185B3554C790}.Debug|Any CPU.ActiveCfg = Debug|Any CPU
		{1388F3E2-3C33-4B74-A96A-185B3554C790}.Debug|Any CPU.Build.0 = Debug|Any CPU
		{1388F3E2-3C33-4B74-A96A-185B3554C790}.Release|Any CPU.ActiveCfg = Release|Any CPU
		{1388F3E2-3C33-4B74-A96A-185B3554C790}.Release|Any CPU.Build.0 = Release|Any CPU
		{4C6C5CB8-DDCE-48EE-9A3A-E6306862EA0D}.Debug|Any CPU.ActiveCfg = Debug|Any CPU
		{4C6C5CB8-DDCE-48EE-9A3A-E6306862EA0D}.Debug|Any CPU.Build.0 = Debug|Any CPU
		{4C6C5CB8-DDCE-48EE-9A3A-E6306862EA0D}.Release|Any CPU.ActiveCfg = Release|Any CPU
		{4C6C5CB8-DDCE-48EE-9A3A-E6306862EA0D}.Release|Any CPU.Build.0 = Release|Any CPU
		{8B180F0F-BFDE-49CB-BB44-2D1DB2E25787}.Debug|Any CPU.ActiveCfg = Debug|Any CPU
		{8B180F0F-BFDE-49CB-BB44-2D1DB2E25787}.Debug|Any CPU.Build.0 = Debug|Any CPU
		{8B180F0F-BFDE-49CB-BB44-2D1DB2E25787}.Release|Any CPU.ActiveCfg = Release|Any CPU
		{8B180F0F-BFDE-49CB-BB44-2D1DB2E25787}.Release|Any CPU.Build.0 = Release|Any CPU
	EndGlobalSection
	GlobalSection(SolutionProperties) = preSolution
		HideSolutionNode = FALSE
	EndGlobalSection
	GlobalSection(NestedProjects) = preSolution
		{F0997736-1015-4A22-BD25-A191E1089ADA} = {C37AD128-49B9-42DF-BBC9-5A3F4CC52E91}
		{49BE539D-08F7-47F6-8F70-1716AC39E452} = {C37AD128-49B9-42DF-BBC9-5A3F4CC52E91}
		{4E9C78EB-DCFE-4C1D-9053-099AAD14731F} = {C37AD128-49B9-42DF-BBC9-5A3F4CC52E91}
		{25BEA74D-47AA-45D7-BD8D-461F1AD90484} = {C37AD128-49B9-42DF-BBC9-5A3F4CC52E91}
		{81EB78F6-410B-4541-B008-46382A599B30} = {C37AD128-49B9-42DF-BBC9-5A3F4CC52E91}
		{5A0D3B75-C3BE-4361-934F-0E3A2A425C75} = {C37AD128-49B9-42DF-BBC9-5A3F4CC52E91}
		{C99BF4FA-348A-4B4B-A401-2B8AB73A7C3A} = {C37AD128-49B9-42DF-BBC9-5A3F4CC52E91}
		{1388F3E2-3C33-4B74-A96A-185B3554C790} = {1C37CF24-DE33-4F2D-9F42-48AC6CAE808B}
		{4C6C5CB8-DDCE-48EE-9A3A-E6306862EA0D} = {1C37CF24-DE33-4F2D-9F42-48AC6CAE808B}
		{8B180F0F-BFDE-49CB-BB44-2D1DB2E25787} = {94C6895D-E31E-4126-B9E1-E3C14496E508}
	EndGlobalSection
	GlobalSection(ExtensibilityGlobals) = postSolution
		SolutionGuid = {DE9BB14C-62AF-455B-B5FE-C443ED396B21}
	EndGlobalSection
EndGlobal
